
Microsoft Visual Studio Solution File, Format Version 12.00
# Visual Studio Version 17
VisualStudioVersion = 17.14.36109.1 d17.14
MinimumVisualStudioVersion = 10.0.40219.1
Project("{FAE04EC0-301F-11D3-BF4B-00C04F79EFBC}") = "BasicASPTutorial", "BasicASPTutorial\BasicASPTutorial.csproj", "{D5767CFF-D699-4E4F-B5B7-2D5CCF1CCFEC}"
EndProject
Global
	GlobalSection(SolutionConfigurationPlatforms) = preSolution
		Debug|Any CPU = Debug|Any CPU
		Release|Any CPU = Release|Any CPU
	EndGlobalSection
	GlobalSection(ProjectConfigurationPlatforms) = postSolution
		{D5767CFF-D699-4E4F-B5B7-2D5CCF1CCFEC}.Debug|Any CPU.ActiveCfg = Debug|Any CPU
		{D5767CFF-D699-4E4F-B5B7-2D5CCF1CCFEC}.Debug|Any CPU.Build.0 = Debug|Any CPU
		{D5767CFF-D699-4E4F-B5B7-2D5CCF1CCFEC}.Release|Any CPU.ActiveCfg = Release|Any CPU
		{D5767CFF-D699-4E4F-B5B7-2D5CCF1CCFEC}.Release|Any CPU.Build.0 = Release|Any CPU
	EndGlobalSection
	GlobalSection(SolutionProperties) = preSolution
		HideSolutionNode = FALSE
	EndGlobalSection
	GlobalSection(ExtensibilityGlobals) = postSolution
		SolutionGuid = {ADFA8AF2-15BB-44AA-B8E5-3B6C2F2B269E}
	EndGlobalSection
EndGlobal
